
Microsoft Visual Studio Solution File, Format Version 12.00
# Visual Studio Version 17
VisualStudioVersion = 17.1.32421.90
MinimumVisualStudioVersion = 10.0.40219.1
Project("{FAE04EC0-301F-11D3-BF4B-00C04F79EFBC}") = "ConsoleApp", "BusLineProject\ConsoleApp.csproj", "{90D49D5A-D74A-4AD0-B301-7338BE581B0C}"
EndProject
Project("{FAE04EC0-301F-11D3-BF4B-00C04F79EFBC}") = "Server", "Server\Server.csproj", "{0F995495-3D4B-4590-818F-D34295D095ED}"
EndProject
Project("{FAE04EC0-301F-11D3-BF4B-00C04F79EFBC}") = "Model", "Model\Model.csproj", "{87B11DEF-3DBE-4E44-9302-15C9CD4A0AF2}"
EndProject
Project("{FAE04EC0-301F-11D3-BF4B-00C04F79EFBC}") = "UiClient", "UiClient\UiClient.csproj", "{8D3F9902-DCE2-4D80-979E-45875F370B5E}"
	ProjectSection(ProjectDependencies) = postProject
		{0F995495-3D4B-4590-818F-D34295D095ED} = {0F995495-3D4B-4590-818F-D34295D095ED}
	EndProjectSection
EndProject
Global
	GlobalSection(SolutionConfigurationPlatforms) = preSolution
		Debug|Any CPU = Debug|Any CPU
		Release|Any CPU = Release|Any CPU
	EndGlobalSection
	GlobalSection(ProjectConfigurationPlatforms) = postSolution
		{90D49D5A-D74A-4AD0-B301-7338BE581B0C}.Debug|Any CPU.ActiveCfg = Debug|Any CPU
		{90D49D5A-D74A-4AD0-B301-7338BE581B0C}.Debug|Any CPU.Build.0 = Debug|Any CPU
		{90D49D5A-D74A-4AD0-B301-7338BE581B0C}.Release|Any CPU.ActiveCfg = Release|Any CPU
		{90D49D5A-D74A-4AD0-B301-7338BE581B0C}.Release|Any CPU.Build.0 = Release|Any CPU
		{0F995495-3D4B-4590-818F-D34295D095ED}.Debug|Any CPU.ActiveCfg = Debug|Any CPU
		{0F995495-3D4B-4590-818F-D34295D095ED}.Debug|Any CPU.Build.0 = Debug|Any CPU
		{0F995495-3D4B-4590-818F-D34295D095ED}.Release|Any CPU.ActiveCfg = Release|Any CPU
		{0F995495-3D4B-4590-818F-D34295D095ED}.Release|Any CPU.Build.0 = Release|Any CPU
		{87B11DEF-3DBE-4E44-9302-15C9CD4A0AF2}.Debug|Any CPU.ActiveCfg = Debug|Any CPU
		{87B11DEF-3DBE-4E44-9302-15C9CD4A0AF2}.Debug|Any CPU.Build.0 = Debug|Any CPU
		{87B11DEF-3DBE-4E44-9302-15C9CD4A0AF2}.Release|Any CPU.ActiveCfg = Release|Any CPU
		{87B11DEF-3DBE-4E44-9302-15C9CD4A0AF2}.Release|Any CPU.Build.0 = Release|Any CPU
		{8D3F9902-DCE2-4D80-979E-45875F370B5E}.Debug|Any CPU.ActiveCfg = Debug|Any CPU
		{8D3F9902-DCE2-4D80-979E-45875F370B5E}.Debug|Any CPU.Build.0 = Debug|Any CPU
		{8D3F9902-DCE2-4D80-979E-45875F370B5E}.Release|Any CPU.ActiveCfg = Release|Any CPU
		{8D3F9902-DCE2-4D80-979E-45875F370B5E}.Release|Any CPU.Build.0 = Release|Any CPU
	EndGlobalSection
	GlobalSection(SolutionProperties) = preSolution
		HideSolutionNode = FALSE
	EndGlobalSection
	GlobalSection(ExtensibilityGlobals) = postSolution
		SolutionGuid = {3A68E10B-4B46-4DD5-B89C-B5E40B29E4C2}
	EndGlobalSection
EndGlobal
